
Microsoft Visual Studio Solution File, Format Version 12.00
# Visual Studio Version 16
VisualStudioVersion = 16.0.28803.452
MinimumVisualStudioVersion = 10.0.40219.1
Project("{FAE04EC0-301F-11D3-BF4B-00C04F79EFBC}") = "PodCloud", "PodCloud\PodCloud.csproj", "{A30029BD-C099-4C28-AA59-86F1F6E60293}"
EndProject
Global
	GlobalSection(SolutionConfigurationPlatforms) = preSolution
		Debug|Any CPU = Debug|Any CPU
		Release|Any CPU = Release|Any CPU
	EndGlobalSection
	GlobalSection(ProjectConfigurationPlatforms) = postSolution
		{A30029BD-C099-4C28-AA59-86F1F6E60293}.Debug|Any CPU.ActiveCfg = Debug|Any CPU
		{A30029BD-C099-4C28-AA59-86F1F6E60293}.Debug|Any CPU.Build.0 = Debug|Any CPU
		{A30029BD-C099-4C28-AA59-86F1F6E60293}.Release|Any CPU.ActiveCfg = Release|Any CPU
		{A30029BD-C099-4C28-AA59-86F1F6E60293}.Release|Any CPU.Build.0 = Release|Any CPU
	EndGlobalSection
	GlobalSection(SolutionProperties) = preSolution
		HideSolutionNode = FALSE
	EndGlobalSection
	GlobalSection(ExtensibilityGlobals) = postSolution
		SolutionGuid = {B237D64F-D2F6-400D-97FC-DE9CA301022A}
	EndGlobalSection
EndGlobal
